// !$*UTF8*$!
{
	archiveVersion = 1;
	classes = {
	};
	objectVersion = 46;
	objects = {

/* Begin PBXBuildFile section */
		9F0D103917209FE3002D12F1 /* Projection.cpp in Sources */ = {isa = PBXBuildFile; fileRef = 9F0D103517209FE3002D12F1 /* Projection.cpp */; };
		9F0D103A17209FE3002D12F1 /* StereographicProjection.cpp in Sources */ = {isa = PBXBuildFile; fileRef = 9F0D103717209FE3002D12F1 /* StereographicProjection.cpp */; };
		9F0D10421720A0B0002D12F1 /* Constellation.cpp in Sources */ = {isa = PBXBuildFile; fileRef = 9F0D103C1720A0B0002D12F1 /* Constellation.cpp */; };
		9F0D10431720A0B0002D12F1 /* Sky.cpp in Sources */ = {isa = PBXBuildFile; fileRef = 9F0D103E1720A0B0002D12F1 /* Sky.cpp */; };
		9F0D10441720A0B0002D12F1 /* Star.cpp in Sources */ = {isa = PBXBuildFile; fileRef = 9F0D10401720A0B0002D12F1 /* Star.cpp */; };
		9F0D104D1720AFE5002D12F1 /* StereographicProjection.cpp in Sources */ = {isa = PBXBuildFile; fileRef = 9F0D103717209FE3002D12F1 /* StereographicProjection.cpp */; };
		9F0D104E1720AFE9002D12F1 /* Projection.cpp in Sources */ = {isa = PBXBuildFile; fileRef = 9F0D103517209FE3002D12F1 /* Projection.cpp */; };
		9F0D104F1720AFEC002D12F1 /* Star.cpp in Sources */ = {isa = PBXBuildFile; fileRef = 9F0D10401720A0B0002D12F1 /* Star.cpp */; };
		9F0D10501720AFF0002D12F1 /* Sky.cpp in Sources */ = {isa = PBXBuildFile; fileRef = 9F0D103E1720A0B0002D12F1 /* Sky.cpp */; };
		9F0D10511720AFF5002D12F1 /* Constellation.cpp in Sources */ = {isa = PBXBuildFile; fileRef = 9F0D103C1720A0B0002D12F1 /* Constellation.cpp */; };
		9FAE9B3E16DE866E0014C9EF /* main.cpp in Sources */ = {isa = PBXBuildFile; fileRef = 9FAE9B3D16DE866E0014C9EF /* main.cpp */; };
		9FAE9B4016DE866E0014C9EF /* SkyAtlas.1 in CopyFiles */ = {isa = PBXBuildFile; fileRef = 9FAE9B3F16DE866E0014C9EF /* SkyAtlas.1 */; };
		9FAE9B4D16DFE73F0014C9EF /* stars.dat in CopyFiles */ = {isa = PBXBuildFile; fileRef = 9FAE9B4716DE86D60014C9EF /* stars.dat */; };
/* End PBXBuildFile section */

/* Begin PBXCopyFilesBuildPhase section */
		9FAE9B3716DE866E0014C9EF /* CopyFiles */ = {
			isa = PBXCopyFilesBuildPhase;
			buildActionMask = 2147483647;
			dstPath = /usr/share/man/man1/;
			dstSubfolderSpec = 0;
			files = (
				9FAE9B4016DE866E0014C9EF /* SkyAtlas.1 in CopyFiles */,
			);
			runOnlyForDeploymentPostprocessing = 1;
		};
		9FAE9B4C16DFE72E0014C9EF /* CopyFiles */ = {
			isa = PBXCopyFilesBuildPhase;
			buildActionMask = 2147483647;
			dstPath = "";
			dstSubfolderSpec = 16;
			files = (
				9FAE9B4D16DFE73F0014C9EF /* stars.dat in CopyFiles */,
			);
			runOnlyForDeploymentPostprocessing = 0;
		};
/* End PBXCopyFilesBuildPhase section */

/* Begin PBXFileReference section */
		9F0D1025170DF380002D12F1 /* README.md */ = {isa = PBXFileReference; fileEncoding = 4; lastKnownFileType = text; path = README.md; sourceTree = "<group>"; };
		9F0D103217209B20002D12F1 /* SkyAtlasFrontEnd.cpp */ = {isa = PBXFileReference; lastKnownFileType = sourcecode.cpp.cpp; path = SkyAtlasFrontEnd.cpp; sourceTree = "<group>"; };
		9F0D103317209B46002D12F1 /* SkyAtlasFrontEnd.pro */ = {isa = PBXFileReference; lastKnownFileType = text; path = SkyAtlasFrontEnd.pro; sourceTree = "<group>"; };
		9F0D103517209FE3002D12F1 /* Projection.cpp */ = {isa = PBXFileReference; fileEncoding = 4; lastKnownFileType = sourcecode.cpp.cpp; path = Projection.cpp; sourceTree = "<group>"; };
		9F0D103617209FE3002D12F1 /* Projection.h */ = {isa = PBXFileReference; fileEncoding = 4; lastKnownFileType = sourcecode.c.h; path = Projection.h; sourceTree = "<group>"; };
		9F0D103717209FE3002D12F1 /* StereographicProjection.cpp */ = {isa = PBXFileReference; fileEncoding = 4; lastKnownFileType = sourcecode.cpp.cpp; path = StereographicProjection.cpp; sourceTree = "<group>"; };
		9F0D103817209FE3002D12F1 /* StereographicProjection.h */ = {isa = PBXFileReference; fileEncoding = 4; lastKnownFileType = sourcecode.c.h; path = StereographicProjection.h; sourceTree = "<group>"; };
		9F0D103C1720A0B0002D12F1 /* Constellation.cpp */ = {isa = PBXFileReference; fileEncoding = 4; lastKnownFileType = sourcecode.cpp.cpp; path = Constellation.cpp; sourceTree = "<group>"; };
		9F0D103D1720A0B0002D12F1 /* Constellation.h */ = {isa = PBXFileReference; fileEncoding = 4; lastKnownFileType = sourcecode.c.h; path = Constellation.h; sourceTree = "<group>"; };
		9F0D103E1720A0B0002D12F1 /* Sky.cpp */ = {isa = PBXFileReference; fileEncoding = 4; lastKnownFileType = sourcecode.cpp.cpp; path = Sky.cpp; sourceTree = "<group>"; };
		9F0D103F1720A0B0002D12F1 /* Sky.h */ = {isa = PBXFileReference; fileEncoding = 4; lastKnownFileType = sourcecode.c.h; path = Sky.h; sourceTree = "<group>"; };
		9F0D10401720A0B0002D12F1 /* Star.cpp */ = {isa = PBXFileReference; fileEncoding = 4; lastKnownFileType = sourcecode.cpp.cpp; path = Star.cpp; sourceTree = "<group>"; };
		9F0D10411720A0B0002D12F1 /* Star.h */ = {isa = PBXFileReference; fileEncoding = 4; lastKnownFileType = sourcecode.c.h; path = Star.h; sourceTree = "<group>"; };
		9F0D10491720AFB5002D12F1 /* libSkyAtlasStaticLibrary.a */ = {isa = PBXFileReference; explicitFileType = archive.ar; includeInIndex = 0; path = libSkyAtlasStaticLibrary.a; sourceTree = BUILT_PRODUCTS_DIR; };
		9F0D10521721B0E2002D12F1 /* MainWindow.cpp */ = {isa = PBXFileReference; lastKnownFileType = sourcecode.cpp.cpp; path = MainWindow.cpp; sourceTree = "<group>"; };
		9F0D10531721B0E2002D12F1 /* MainWindow.h */ = {isa = PBXFileReference; lastKnownFileType = sourcecode.c.h; path = MainWindow.h; sourceTree = "<group>"; };
		9F0D10541721B461002D12F1 /* SkyWidget.cpp */ = {isa = PBXFileReference; fileEncoding = 4; lastKnownFileType = sourcecode.cpp.cpp; path = SkyWidget.cpp; sourceTree = "<group>"; };
		9F0D10551721B461002D12F1 /* SkyWidget.h */ = {isa = PBXFileReference; fileEncoding = 4; lastKnownFileType = sourcecode.c.h; path = SkyWidget.h; sourceTree = "<group>"; };
		9FAE9B3916DE866E0014C9EF /* SkyAtlas */ = {isa = PBXFileReference; explicitFileType = "compiled.mach-o.executable"; includeInIndex = 0; path = SkyAtlas; sourceTree = BUILT_PRODUCTS_DIR; };
		9FAE9B3D16DE866E0014C9EF /* main.cpp */ = {isa = PBXFileReference; lastKnownFileType = sourcecode.cpp.cpp; path = main.cpp; sourceTree = "<group>"; };
		9FAE9B3F16DE866E0014C9EF /* SkyAtlas.1 */ = {isa = PBXFileReference; lastKnownFileType = text.man; path = SkyAtlas.1; sourceTree = "<group>"; };
		9FAE9B4716DE86D60014C9EF /* stars.dat */ = {isa = PBXFileReference; fileEncoding = 4; lastKnownFileType = text; path = stars.dat; sourceTree = "<group>"; };
		9FAE9B4E16E2264B0014C9EF /* constellations.dat */ = {isa = PBXFileReference; fileEncoding = 4; lastKnownFileType = text; path = constellations.dat; sourceTree = "<group>"; };
		9FAE9B5216F25C260014C9EF /* lines.dat */ = {isa = PBXFileReference; fileEncoding = 4; lastKnownFileType = text; path = lines.dat; sourceTree = "<group>"; };
/* End PBXFileReference section */

/* Begin PBXFrameworksBuildPhase section */
		9F0D10461720AFB5002D12F1 /* Frameworks */ = {
			isa = PBXFrameworksBuildPhase;
			buildActionMask = 2147483647;
			files = (
			);
			runOnlyForDeploymentPostprocessing = 0;
		};
		9FAE9B3616DE866E0014C9EF /* Frameworks */ = {
			isa = PBXFrameworksBuildPhase;
			buildActionMask = 2147483647;
			files = (
			);
			runOnlyForDeploymentPostprocessing = 0;
		};
/* End PBXFrameworksBuildPhase section */

/* Begin PBXGroup section */
		9F0D103117209B20002D12F1 /* SkyAtlasFrontEnd */ = {
			isa = PBXGroup;
			children = (
				9F0D103217209B20002D12F1 /* SkyAtlasFrontEnd.cpp */,
				9F0D10521721B0E2002D12F1 /* MainWindow.cpp */,
				9F0D10531721B0E2002D12F1 /* MainWindow.h */,
				9F0D10541721B461002D12F1 /* SkyWidget.cpp */,
				9F0D10551721B461002D12F1 /* SkyWidget.h */,
			);
			path = SkyAtlasFrontEnd;
			sourceTree = "<group>";
		};
		9F0D103417209FE3002D12F1 /* View */ = {
			isa = PBXGroup;
			children = (
				9F0D103517209FE3002D12F1 /* Projection.cpp */,
				9F0D103617209FE3002D12F1 /* Projection.h */,
				9F0D103717209FE3002D12F1 /* StereographicProjection.cpp */,
				9F0D103817209FE3002D12F1 /* StereographicProjection.h */,
			);
			path = View;
			sourceTree = "<group>";
		};
		9F0D103B1720A0B0002D12F1 /* Model */ = {
			isa = PBXGroup;
			children = (
				9F0D103C1720A0B0002D12F1 /* Constellation.cpp */,
				9F0D103D1720A0B0002D12F1 /* Constellation.h */,
				9F0D103E1720A0B0002D12F1 /* Sky.cpp */,
				9F0D103F1720A0B0002D12F1 /* Sky.h */,
				9F0D10401720A0B0002D12F1 /* Star.cpp */,
				9F0D10411720A0B0002D12F1 /* Star.h */,
			);
			path = Model;
			sourceTree = "<group>";
		};
		9FAE9B2E16DE866E0014C9EF = {
			isa = PBXGroup;
			children = (
				9F0D103317209B46002D12F1 /* SkyAtlasFrontEnd.pro */,
				9F0D103117209B20002D12F1 /* SkyAtlasFrontEnd */,
				9F0D1025170DF380002D12F1 /* README.md */,
				9FAE9B3C16DE866E0014C9EF /* SkyAtlas */,
				9FAE9B3A16DE866E0014C9EF /* Products */,
			);
			sourceTree = "<group>";
		};
		9FAE9B3A16DE866E0014C9EF /* Products */ = {
			isa = PBXGroup;
			children = (
				9FAE9B3916DE866E0014C9EF /* SkyAtlas */,
				9F0D10491720AFB5002D12F1 /* libSkyAtlasStaticLibrary.a */,
			);
			name = Products;
			sourceTree = "<group>";
		};
		9FAE9B3C16DE866E0014C9EF /* SkyAtlas */ = {
			isa = PBXGroup;
			children = (
				9F0D103B1720A0B0002D12F1 /* Model */,
				9F0D103417209FE3002D12F1 /* View */,
				9FAE9B4E16E2264B0014C9EF /* constellations.dat */,
				9FAE9B5216F25C260014C9EF /* lines.dat */,
				9FAE9B4716DE86D60014C9EF /* stars.dat */,
				9FAE9B3D16DE866E0014C9EF /* main.cpp */,
				9FAE9B3F16DE866E0014C9EF /* SkyAtlas.1 */,
			);
			path = SkyAtlas;
			sourceTree = "<group>";
		};
/* End PBXGroup section */

/* Begin PBXHeadersBuildPhase section */
		9F0D10471720AFB5002D12F1 /* Headers */ = {
			isa = PBXHeadersBuildPhase;
			buildActionMask = 2147483647;
			files = (
			);
			runOnlyForDeploymentPostprocessing = 0;
		};
/* End PBXHeadersBuildPhase section */

/* Begin PBXNativeTarget section */
		9F0D10481720AFB5002D12F1 /* SkyAtlasStaticLibrary */ = {
			isa = PBXNativeTarget;
			buildConfigurationList = 9F0D104A1720AFB5002D12F1 /* Build configuration list for PBXNativeTarget "SkyAtlasStaticLibrary" */;
			buildPhases = (
				9F0D10451720AFB5002D12F1 /* Sources */,
				9F0D10461720AFB5002D12F1 /* Frameworks */,
				9F0D10471720AFB5002D12F1 /* Headers */,
			);
			buildRules = (
			);
			dependencies = (
			);
			name = SkyAtlasStaticLibrary;
			productName = SkyAtlasStaticLibrary;
			productReference = 9F0D10491720AFB5002D12F1 /* libSkyAtlasStaticLibrary.a */;
			productType = "com.apple.product-type.library.static";
		};
		9FAE9B3816DE866E0014C9EF /* SkyAtlas */ = {
			isa = PBXNativeTarget;
			buildConfigurationList = 9FAE9B4316DE866E0014C9EF /* Build configuration list for PBXNativeTarget "SkyAtlas" */;
			buildPhases = (
				9FAE9B3516DE866E0014C9EF /* Sources */,
				9FAE9B3616DE866E0014C9EF /* Frameworks */,
				9FAE9B3716DE866E0014C9EF /* CopyFiles */,
				9FAE9B4C16DFE72E0014C9EF /* CopyFiles */,
			);
			buildRules = (
			);
			dependencies = (
			);
			name = SkyAtlas;
			productName = SkyAtlas;
			productReference = 9FAE9B3916DE866E0014C9EF /* SkyAtlas */;
			productType = "com.apple.product-type.tool";
		};
/* End PBXNativeTarget section */

/* Begin PBXProject section */
		9FAE9B3016DE866E0014C9EF /* Project object */ = {
			isa = PBXProject;
			attributes = {
				LastUpgradeCheck = 0450;
				ORGANIZATIONNAME = "Adam French";
			};
			buildConfigurationList = 9FAE9B3316DE866E0014C9EF /* Build configuration list for PBXProject "SkyAtlas" */;
			compatibilityVersion = "Xcode 3.2";
			developmentRegion = English;
			hasScannedForEncodings = 0;
			knownRegions = (
				en,
			);
			mainGroup = 9FAE9B2E16DE866E0014C9EF;
			productRefGroup = 9FAE9B3A16DE866E0014C9EF /* Products */;
			projectDirPath = "";
			projectRoot = "";
			targets = (
				9FAE9B3816DE866E0014C9EF /* SkyAtlas */,
				9F0D10481720AFB5002D12F1 /* SkyAtlasStaticLibrary */,
			);
		};
/* End PBXProject section */

/* Begin PBXSourcesBuildPhase section */
		9F0D10451720AFB5002D12F1 /* Sources */ = {
			isa = PBXSourcesBuildPhase;
			buildActionMask = 2147483647;
			files = (
				9F0D104D1720AFE5002D12F1 /* StereographicProjection.cpp in Sources */,
				9F0D104E1720AFE9002D12F1 /* Projection.cpp in Sources */,
				9F0D104F1720AFEC002D12F1 /* Star.cpp in Sources */,
				9F0D10501720AFF0002D12F1 /* Sky.cpp in Sources */,
				9F0D10511720AFF5002D12F1 /* Constellation.cpp in Sources */,
			);
			runOnlyForDeploymentPostprocessing = 0;
		};
		9FAE9B3516DE866E0014C9EF /* Sources */ = {
			isa = PBXSourcesBuildPhase;
			buildActionMask = 2147483647;
			files = (
				9FAE9B3E16DE866E0014C9EF /* main.cpp in Sources */,
				9F0D103917209FE3002D12F1 /* Projection.cpp in Sources */,
				9F0D103A17209FE3002D12F1 /* StereographicProjection.cpp in Sources */,
				9F0D10421720A0B0002D12F1 /* Constellation.cpp in Sources */,
				9F0D10431720A0B0002D12F1 /* Sky.cpp in Sources */,
				9F0D10441720A0B0002D12F1 /* Star.cpp in Sources */,
			);
			runOnlyForDeploymentPostprocessing = 0;
		};
/* End PBXSourcesBuildPhase section */

/* Begin XCBuildConfiguration section */
		9F0D104B1720AFB5002D12F1 /* Debug */ = {
			isa = XCBuildConfiguration;
			buildSettings = {
				CLANG_WARN_CONSTANT_CONVERSION = YES;
				CLANG_WARN_ENUM_CONVERSION = YES;
				CLANG_WARN_INT_CONVERSION = YES;
				EXECUTABLE_PREFIX = lib;
				HEADER_SEARCH_PATHS = /Users/adamfrench/boost/include;
				MACOSX_DEPLOYMENT_TARGET = 10.8;
				PRODUCT_NAME = "$(TARGET_NAME)";
			};
			name = Debug;
		};
		9F0D104C1720AFB5002D12F1 /* Release */ = {
			isa = XCBuildConfiguration;
			buildSettings = {
				CLANG_WARN_CONSTANT_CONVERSION = YES;
				CLANG_WARN_ENUM_CONVERSION = YES;
				CLANG_WARN_INT_CONVERSION = YES;
				EXECUTABLE_PREFIX = lib;
				HEADER_SEARCH_PATHS = /Users/adamfrench/boost/include;
				MACOSX_DEPLOYMENT_TARGET = 10.8;
				PRODUCT_NAME = "$(TARGET_NAME)";
			};
			name = Release;
		};
		9FAE9B4116DE866E0014C9EF /* Debug */ = {
			isa = XCBuildConfiguration;
			buildSettings = {
				ALWAYS_SEARCH_USER_PATHS = NO;
				ARCHS = "$(ARCHS_STANDARD_64_BIT)";
				CLANG_CXX_LANGUAGE_STANDARD = "gnu++0x";
				CLANG_CXX_LIBRARY = "libc++";
				CLANG_WARN_EMPTY_BODY = YES;
				CLANG_WARN__DUPLICATE_METHOD_MATCH = YES;
				COPY_PHASE_STRIP = NO;
				GCC_C_LANGUAGE_STANDARD = gnu99;
				GCC_DYNAMIC_NO_PIC = NO;
				GCC_ENABLE_OBJC_EXCEPTIONS = YES;
				GCC_OPTIMIZATION_LEVEL = 0;
				GCC_PREPROCESSOR_DEFINITIONS = (
					"DEBUG=1",
					"$(inherited)",
				);
				GCC_SYMBOLS_PRIVATE_EXTERN = NO;
				GCC_WARN_64_TO_32_BIT_CONVERSION = YES;
				GCC_WARN_ABOUT_RETURN_TYPE = YES;
				GCC_WARN_UNINITIALIZED_AUTOS = YES;
				GCC_WARN_UNUSED_VARIABLE = YES;
				MACOSX_DEPLOYMENT_TARGET = 10.7;
				ONLY_ACTIVE_ARCH = YES;
				SDKROOT = macosx;
			};
			name = Debug;
		};
		9FAE9B4216DE866E0014C9EF /* Release */ = {
			isa = XCBuildConfiguration;
			buildSettings = {
				ALWAYS_SEARCH_USER_PATHS = NO;
				ARCHS = "$(ARCHS_STANDARD_64_BIT)";
				CLANG_CXX_LANGUAGE_STANDARD = "gnu++0x";
				CLANG_CXX_LIBRARY = "libc++";
				CLANG_WARN_EMPTY_BODY = YES;
				CLANG_WARN__DUPLICATE_METHOD_MATCH = YES;
				COPY_PHASE_STRIP = YES;
				DEBUG_INFORMATION_FORMAT = "dwarf-with-dsym";
				GCC_C_LANGUAGE_STANDARD = gnu99;
				GCC_ENABLE_OBJC_EXCEPTIONS = YES;
				GCC_WARN_64_TO_32_BIT_CONVERSION = YES;
				GCC_WARN_ABOUT_RETURN_TYPE = YES;
				GCC_WARN_UNINITIALIZED_AUTOS = YES;
				GCC_WARN_UNUSED_VARIABLE = YES;
				MACOSX_DEPLOYMENT_TARGET = 10.7;
				SDKROOT = macosx;
			};
			name = Release;
		};
		9FAE9B4416DE866E0014C9EF /* Debug */ = {
			isa = XCBuildConfiguration;
			buildSettings = {
				HEADER_SEARCH_PATHS = /Users/adamfrench/boost/include;
				PRODUCT_NAME = "$(TARGET_NAME)";
			};
			name = Debug;
		};
		9FAE9B4516DE866E0014C9EF /* Release */ = {
			isa = XCBuildConfiguration;
			buildSettings = {
				HEADER_SEARCH_PATHS = /Users/adamfrench/boost/include;
				PRODUCT_NAME = "$(TARGET_NAME)";
			};
			name = Release;
		};
/* End XCBuildConfiguration section */

/* Begin XCConfigurationList section */
		9F0D104A1720AFB5002D12F1 /* Build configuration list for PBXNativeTarget "SkyAtlasStaticLibrary" */ = {
			isa = XCConfigurationList;
			buildConfigurations = (
				9F0D104B1720AFB5002D12F1 /* Debug */,
				9F0D104C1720AFB5002D12F1 /* Release */,
			);
			defaultConfigurationIsVisible = 0;
		};
		9FAE9B3316DE866E0014C9EF /* Build configuration list for PBXProject "SkyAtlas" */ = {
			isa = XCConfigurationList;
			buildConfigurations = (
				9FAE9B4116DE866E0014C9EF /* Debug */,
				9FAE9B4216DE866E0014C9EF /* Release */,
			);
			defaultConfigurationIsVisible = 0;
			defaultConfigurationName = Release;
		};
		9FAE9B4316DE866E0014C9EF /* Build configuration list for PBXNativeTarget "SkyAtlas" */ = {
			isa = XCConfigurationList;
			buildConfigurations = (
				9FAE9B4416DE866E0014C9EF /* Debug */,
				9FAE9B4516DE866E0014C9EF /* Release */,
			);
			defaultConfigurationIsVisible = 0;
			defaultConfigurationName = Release;
		};
/* End XCConfigurationList section */
	};
	rootObject = 9FAE9B3016DE866E0014C9EF /* Project object */;
}
